
Microsoft Visual Studio Solution File, Format Version 12.00
# Visual Studio Version 16
VisualStudioVersion = 16.0.29424.173
MinimumVisualStudioVersion = 10.0.40219.1
Project("{9A19103F-16F7-4668-BE54-9A1E7A4F7556}") = "DataBaseRecordChaneNotificationWithBlazor", "DataBaseRecordChaneNotificationWithBlazor.csproj", "{368A0F03-99E2-4C9F-886A-7CE443D4988B}"
EndProject
Global
	GlobalSection(SolutionConfigurationPlatforms) = preSolution
		Debug|Any CPU = Debug|Any CPU
		Release|Any CPU = Release|Any CPU
	EndGlobalSection
	GlobalSection(ProjectConfigurationPlatforms) = postSolution
		{368A0F03-99E2-4C9F-886A-7CE443D4988B}.Debug|Any CPU.ActiveCfg = Debug|Any CPU
		{368A0F03-99E2-4C9F-886A-7CE443D4988B}.Debug|Any CPU.Build.0 = Debug|Any CPU
		{368A0F03-99E2-4C9F-886A-7CE443D4988B}.Release|Any CPU.ActiveCfg = Release|Any CPU
		{368A0F03-99E2-4C9F-886A-7CE443D4988B}.Release|Any CPU.Build.0 = Release|Any CPU
	EndGlobalSection
	GlobalSection(SolutionProperties) = preSolution
		HideSolutionNode = FALSE
	EndGlobalSection
	GlobalSection(ExtensibilityGlobals) = postSolution
		SolutionGuid = {DA927C4A-EA9A-4B56-98F8-1199072C37D6}
	EndGlobalSection
EndGlobal
